
Microsoft Visual Studio Solution File, Format Version 12.00
# Visual Studio Version 16
VisualStudioVersion = 16.0.31410.357
MinimumVisualStudioVersion = 10.0.40219.1
Project("{FAE04EC0-301F-11D3-BF4B-00C04F79EFBC}") = "InfoSecurity", "InfoSecurity\InfoSecurity.csproj", "{26009F2C-332B-4B46-B9B1-E824D5FAE93E}"
EndProject
Global
	GlobalSection(SolutionConfigurationPlatforms) = preSolution
		Debug|Any CPU = Debug|Any CPU
		Release|Any CPU = Release|Any CPU
	EndGlobalSection
	GlobalSection(ProjectConfigurationPlatforms) = postSolution
		{26009F2C-332B-4B46-B9B1-E824D5FAE93E}.Debug|Any CPU.ActiveCfg = Debug|Any CPU
		{26009F2C-332B-4B46-B9B1-E824D5FAE93E}.Debug|Any CPU.Build.0 = Debug|Any CPU
		{26009F2C-332B-4B46-B9B1-E824D5FAE93E}.Release|Any CPU.ActiveCfg = Release|Any CPU
		{26009F2C-332B-4B46-B9B1-E824D5FAE93E}.Release|Any CPU.Build.0 = Release|Any CPU
	EndGlobalSection
	GlobalSection(SolutionProperties) = preSolution
		HideSolutionNode = FALSE
	EndGlobalSection
	GlobalSection(ExtensibilityGlobals) = postSolution
		SolutionGuid = {D24ABA09-E213-444F-883B-122CE0136231}
	EndGlobalSection
EndGlobal
